// !$*UTF8*$!
{
	archiveVersion = 1;
	classes = {
	};
	objectVersion = 46;
	objects = {

/* Begin PBXBuildFile section */
		FFB1360F1C67AC7A002C67D3 /* AppDelegate.swift in Sources */ = {isa = PBXBuildFile; fileRef = FFB1360E1C67AC7A002C67D3 /* AppDelegate.swift */; };
		FFB136111C67AC7A002C67D3 /* ViewController.swift in Sources */ = {isa = PBXBuildFile; fileRef = FFB136101C67AC7A002C67D3 /* ViewController.swift */; };
		FFB136141C67AC7A002C67D3 /* Main.storyboard in Resources */ = {isa = PBXBuildFile; fileRef = FFB136121C67AC7A002C67D3 /* Main.storyboard */; };
		FFB136161C67AC7A002C67D3 /* Assets.xcassets in Resources */ = {isa = PBXBuildFile; fileRef = FFB136151C67AC7A002C67D3 /* Assets.xcassets */; };
		FFB136191C67AC7A002C67D3 /* LaunchScreen.storyboard in Resources */ = {isa = PBXBuildFile; fileRef = FFB136171C67AC7A002C67D3 /* LaunchScreen.storyboard */; };
/* End PBXBuildFile section */

/* Begin PBXFileReference section */
		FFB1360B1C67AC7A002C67D3 /* 12- lazy懒加载.app */ = {isa = PBXFileReference; explicitFileType = wrapper.application; includeInIndex = 0; path = "12- lazy懒加载.app"; sourceTree = BUILT_PRODUCTS_DIR; };
		FFB1360E1C67AC7A002C67D3 /* AppDelegate.swift */ = {isa = PBXFileReference; lastKnownFileType = sourcecode.swift; path = AppDelegate.swift; sourceTree = "<group>"; };
		FFB136101C67AC7A002C67D3 /* ViewController.swift */ = {isa = PBXFileReference; lastKnownFileType = sourcecode.swift; path = ViewController.swift; sourceTree = "<group>"; };
		FFB136131C67AC7A002C67D3 /* Base */ = {isa = PBXFileReference; lastKnownFileType = file.storyboard; name = Base; path = Base.lproj/Main.storyboard; sourceTree = "<group>"; };
		FFB136151C67AC7A002C67D3 /* Assets.xcassets */ = {isa = PBXFileReference; lastKnownFileType = folder.assetcatalog; path = Assets.xcassets; sourceTree = "<group>"; };
		FFB136181C67AC7A002C67D3 /* Base */ = {isa = PBXFileReference; lastKnownFileType = file.storyboard; name = Base; path = Base.lproj/LaunchScreen.storyboard; sourceTree = "<group>"; };
		FFB1361A1C67AC7A002C67D3 /* Info.plist */ = {isa = PBXFileReference; lastKnownFileType = text.plist.xml; path = Info.plist; sourceTree = "<group>"; };
/* End PBXFileReference section */

/* Begin PBXFrameworksBuildPhase section */
		FFB136081C67AC7A002C67D3 /* Frameworks */ = {
			isa = PBXFrameworksBuildPhase;
			buildActionMask = 2147483647;
			files = (
			);
			runOnlyForDeploymentPostprocessing = 0;
		};
/* End PBXFrameworksBuildPhase section */

/* Begin PBXGroup section */
		FFB136021C67AC7A002C67D3 = {
			isa = PBXGroup;
			children = (
				FFB1360D1C67AC7A002C67D3 /* 12- lazy懒加载 */,
				FFB1360C1C67AC7A002C67D3 /* Products */,
			);
			sourceTree = "<group>";
		};
		FFB1360C1C67AC7A002C67D3 /* Products */ = {
			isa = PBXGroup;
			children = (
				FFB1360B1C67AC7A002C67D3 /* 12- lazy懒加载.app */,
			);
			name = Products;
			sourceTree = "<group>";
		};
		FFB1360D1C67AC7A002C67D3 /* 12- lazy懒加载 */ = {
			isa = PBXGroup;
			children = (
				FFB1360E1C67AC7A002C67D3 /* AppDelegate.swift */,
				FFB136101C67AC7A002C67D3 /* ViewController.swift */,
				FFB136121C67AC7A002C67D3 /* Main.storyboard */,
				FFB136151C67AC7A002C67D3 /* Assets.xcassets */,
				FFB136171C67AC7A002C67D3 /* LaunchScreen.storyboard */,
				FFB1361A1C67AC7A002C67D3 /* Info.plist */,
			);
			path = "12- lazy懒加载";
			sourceTree = "<group>";
		};
/* End PBXGroup section */

/* Begin PBXNativeTarget section */
		FFB1360A1C67AC7A002C67D3 /* 12- lazy懒加载 */ = {
			isa = PBXNativeTarget;
			buildConfigurationList = FFB1361D1C67AC7A002C67D3 /* Build configuration list for PBXNativeTarget "12- lazy懒加载" */;
			buildPhases = (
				FFB136071C67AC7A002C67D3 /* Sources */,
				FFB136081C67AC7A002C67D3 /* Frameworks */,
				FFB136091C67AC7A002C67D3 /* Resources */,
			);
			buildRules = (
			);
			dependencies = (
			);
			name = "12- lazy懒加载";
			productName = "12- lazy懒加载";
			productReference = FFB1360B1C67AC7A002C67D3 /* 12- lazy懒加载.app */;
			productType = "com.apple.product-type.application";
		};
/* End PBXNativeTarget section */

/* Begin PBXProject section */
		FFB136031C67AC7A002C67D3 /* Project object */ = {
			isa = PBXProject;
			attributes = {
				LastSwiftUpdateCheck = 0720;
				LastUpgradeCheck = 0720;
				ORGANIZATIONNAME = JJ.sevn;
				TargetAttributes = {
					FFB1360A1C67AC7A002C67D3 = {
						CreatedOnToolsVersion = 7.2;
						DevelopmentTeam = NUWT78Q42V;
					};
				};
			};
			buildConfigurationList = FFB136061C67AC7A002C67D3 /* Build configuration list for PBXProject "12- lazy懒加载" */;
			compatibilityVersion = "Xcode 3.2";
			developmentRegion = English;
			hasScannedForEncodings = 0;
			knownRegions = (
				en,
				Base,
			);
			mainGroup = FFB136021C67AC7A002C67D3;
			productRefGroup = FFB1360C1C67AC7A002C67D3 /* Products */;
			projectDirPath = "";
			projectRoot = "";
			targets = (
				FFB1360A1C67AC7A002C67D3 /* 12- lazy懒加载 */,
			);
		};
/* End PBXProject section */

/* Begin PBXResourcesBuildPhase section */
		FFB136091C67AC7A002C67D3 /* Resources */ = {
			isa = PBXResourcesBuildPhase;
			buildActionMask = 2147483647;
			files = (
				FFB136191C67AC7A002C67D3 /* LaunchScreen.storyboard in Resources */,
				FFB136161C67AC7A002C67D3 /* Assets.xcassets in Resources */,
				FFB136141C67AC7A002C67D3 /* Main.storyboard in Resources */,
			);
			runOnlyForDeploymentPostprocessing = 0;
		};
/* End PBXResourcesBuildPhase section */

/* Begin PBXSourcesBuildPhase section */
		FFB136071C67AC7A002C67D3 /* Sources */ = {
			isa = PBXSourcesBuildPhase;
			buildActionMask = 2147483647;
			files = (
				FFB136111C67AC7A002C67D3 /* ViewController.swift in Sources */,
				FFB1360F1C67AC7A002C67D3 /* AppDelegate.swift in Sources */,
			);
			runOnlyForDeploymentPostprocessing = 0;
		};
/* End PBXSourcesBuildPhase section */

/* Begin PBXVariantGroup section */
		FFB136121C67AC7A002C67D3 /* Main.storyboard */ = {
			isa = PBXVariantGroup;
			children = (
				FFB136131C67AC7A002C67D3 /* Base */,
			);
			name = Main.storyboard;
			sourceTree = "<group>";
		};
		FFB136171C67AC7A002C67D3 /* LaunchScreen.storyboard */ = {
			isa = PBXVariantGroup;
			children = (
				FFB136181C67AC7A002C67D3 /* Base */,
			);
			name = LaunchScreen.storyboard;
			sourceTree = "<group>";
		};
/* End PBXVariantGroup section */

/* Begin XCBuildConfiguration section */
		FFB1361B1C67AC7A002C67D3 /* Debug */ = {
			isa = XCBuildConfiguration;
			buildSettings = {
				ALWAYS_SEARCH_USER_PATHS = NO;
				CLANG_CXX_LANGUAGE_STANDARD = "gnu++0x";
				CLANG_CXX_LIBRARY = "libc++";
				CLANG_ENABLE_MODULES = YES;
				CLANG_ENABLE_OBJC_ARC = YES;
				CLANG_WARN_BOOL_CONVERSION = YES;
				CLANG_WARN_CONSTANT_CONVERSION = YES;
				CLANG_WARN_DIRECT_OBJC_ISA_USAGE = YES_ERROR;
				CLANG_WARN_EMPTY_BODY = YES;
				CLANG_WARN_ENUM_CONVERSION = YES;
				CLANG_WARN_INT_CONVERSION = YES;
				CLANG_WARN_OBJC_ROOT_CLASS = YES_ERROR;
				CLANG_WARN_UNREACHABLE_CODE = YES;
				CLANG_WARN__DUPLICATE_METHOD_MATCH = YES;
				"CODE_SIGN_IDENTITY[sdk=iphoneos*]" = "iPhone Developer";
				COPY_PHASE_STRIP = NO;
				DEBUG_INFORMATION_FORMAT = dwarf;
				ENABLE_STRICT_OBJC_MSGSEND = YES;
				ENABLE_TESTABILITY = YES;
				GCC_C_LANGUAGE_STANDARD = gnu99;
				GCC_DYNAMIC_NO_PIC = NO;
				GCC_NO_COMMON_BLOCKS = YES;
				GCC_OPTIMIZATION_LEVEL = 0;
				GCC_PREPROCESSOR_DEFINITIONS = (
					"DEBUG=1",
					"$(inherited)",
				);
				GCC_WARN_64_TO_32_BIT_CONVERSION = YES;
				GCC_WARN_ABOUT_RETURN_TYPE = YES_ERROR;
				GCC_WARN_UNDECLARED_SELECTOR = YES;
				GCC_WARN_UNINITIALIZED_AUTOS = YES_AGGRESSIVE;
				GCC_WARN_UNUSED_FUNCTION = YES;
				GCC_WARN_UNUSED_VARIABLE = YES;
				IPHONEOS_DEPLOYMENT_TARGET = 9.2;
				MTL_ENABLE_DEBUG_INFO = YES;
				ONLY_ACTIVE_ARCH = YES;
				SDKROOT = iphoneos;
				SWIFT_OPTIMIZATION_LEVEL = "-Onone";
				TARGETED_DEVICE_FAMILY = "1,2";
			};
			name = Debug;
		};
		FFB1361C1C67AC7A002C67D3 /* Release */ = {
			isa = XCBuildConfiguration;
			buildSettings = {
				ALWAYS_SEARCH_USER_PATHS = NO;
				CLANG_CXX_LANGUAGE_STANDARD = "gnu++0x";
				CLANG_CXX_LIBRARY = "libc++";
				CLANG_ENABLE_MODULES = YES;
				CLANG_ENABLE_OBJC_ARC = YES;
				CLANG_WARN_BOOL_CONVERSION = YES;
				CLANG_WARN_CONSTANT_CONVERSION = YES;
				CLANG_WARN_DIRECT_OBJC_ISA_USAGE = YES_ERROR;
				CLANG_WARN_EMPTY_BODY = YES;
				CLANG_WARN_ENUM_CONVERSION = YES;
				CLANG_WARN_INT_CONVERSION = YES;
				CLANG_WARN_OBJC_ROOT_CLASS = YES_ERROR;
				CLANG_WARN_UNREACHABLE_CODE = YES;
				CLANG_WARN__DUPLICATE_METHOD_MATCH = YES;
				"CODE_SIGN_IDENTITY[sdk=iphoneos*]" = "iPhone Developer";
				COPY_PHASE_STRIP = NO;
				DEBUG_INFORMATION_FORMAT = "dwarf-with-dsym";
				ENABLE_NS_ASSERTIONS = NO;
				ENABLE_STRICT_OBJC_MSGSEND = YES;
				GCC_C_LANGUAGE_STANDARD = gnu99;
				GCC_NO_COMMON_BLOCKS = YES;
				GCC_WARN_64_TO_32_BIT_CONVERSION = YES;
				GCC_WARN_ABOUT_RETURN_TYPE = YES_ERROR;
				GCC_WARN_UNDECLARED_SELECTOR = YES;
				GCC_WARN_UNINITIALIZED_AUTOS = YES_AGGRESSIVE;
				GCC_WARN_UNUSED_FUNCTION = YES;
				GCC_WARN_UNUSED_VARIABLE = YES;
				IPHONEOS_DEPLOYMENT_TARGET = 9.2;
				MTL_ENABLE_DEBUG_INFO = NO;
				SDKROOT = iphoneos;
				TARGETED_DEVICE_FAMILY = "1,2";
				VALIDATE_PRODUCT = YES;
			};
			name = Release;
		};
		FFB1361E1C67AC7A002C67D3 /* Debug */ = {
			isa = XCBuildConfiguration;
			buildSettings = {
				ASSETCATALOG_COMPILER_APPICON_NAME = AppIcon;
				INFOPLIST_FILE = "12- lazy懒加载/Info.plist";
				LD_RUNPATH_SEARCH_PATHS = "$(inherited) @executable_path/Frameworks";
				PRODUCT_BUNDLE_IDENTIFIER = "com.nima.-2--lazy---";
				PRODUCT_NAME = "$(TARGET_NAME)";
			};
			name = Debug;
		};
		FFB1361F1C67AC7A002C67D3 /* Release */ = {
			isa = XCBuildConfiguration;
			buildSettings = {
				ASSETCATALOG_COMPILER_APPICON_NAME = AppIcon;
				INFOPLIST_FILE = "12- lazy懒加载/Info.plist";
				LD_RUNPATH_SEARCH_PATHS = "$(inherited) @executable_path/Frameworks";
				PRODUCT_BUNDLE_IDENTIFIER = "com.nima.-2--lazy---";
				PRODUCT_NAME = "$(TARGET_NAME)";
			};
			name = Release;
		};
/* End XCBuildConfiguration section */

/* Begin XCConfigurationList section */
		FFB136061C67AC7A002C67D3 /* Build configuration list for PBXProject "12- lazy懒加载" */ = {
			isa = XCConfigurationList;
			buildConfigurations = (
				FFB1361B1C67AC7A002C67D3 /* Debug */,
				FFB1361C1C67AC7A002C67D3 /* Release */,
			);
			defaultConfigurationIsVisible = 0;
			defaultConfigurationName = Release;
		};
		FFB1361D1C67AC7A002C67D3 /* Build configuration list for PBXNativeTarget "12- lazy懒加载" */ = {
			isa = XCConfigurationList;
			buildConfigurations = (
				FFB1361E1C67AC7A002C67D3 /* Debug */,
				FFB1361F1C67AC7A002C67D3 /* Release */,
			);
			defaultConfigurationIsVisible = 0;
		};
/* End XCConfigurationList section */
	};
	rootObject = FFB136031C67AC7A002C67D3 /* Project object */;
}
