// !$*UTF8*$!
{
	archiveVersion = 1;
	classes = {
	};
	objectVersion = 46;
	objects = {

/* Begin PBXBuildFile section */
		FFB1364F1C6831FB002C67D3 /* AppDelegate.swift in Sources */ = {isa = PBXBuildFile; fileRef = FFB1364E1C6831FB002C67D3 /* AppDelegate.swift */; };
		FFB136511C6831FB002C67D3 /* ViewController.swift in Sources */ = {isa = PBXBuildFile; fileRef = FFB136501C6831FB002C67D3 /* ViewController.swift */; };
		FFB136541C6831FB002C67D3 /* Main.storyboard in Resources */ = {isa = PBXBuildFile; fileRef = FFB136521C6831FB002C67D3 /* Main.storyboard */; };
		FFB136561C6831FB002C67D3 /* Assets.xcassets in Resources */ = {isa = PBXBuildFile; fileRef = FFB136551C6831FB002C67D3 /* Assets.xcassets */; };
		FFB136591C6831FB002C67D3 /* LaunchScreen.storyboard in Resources */ = {isa = PBXBuildFile; fileRef = FFB136571C6831FB002C67D3 /* LaunchScreen.storyboard */; };
		FFB136611C6832CF002C67D3 /* Person.swift in Sources */ = {isa = PBXBuildFile; fileRef = FFB136601C6832CF002C67D3 /* Person.swift */; };
/* End PBXBuildFile section */

/* Begin PBXFileReference section */
		FFB1364B1C6831FB002C67D3 /* 14- 属性.app */ = {isa = PBXFileReference; explicitFileType = wrapper.application; includeInIndex = 0; path = "14- 属性.app"; sourceTree = BUILT_PRODUCTS_DIR; };
		FFB1364E1C6831FB002C67D3 /* AppDelegate.swift */ = {isa = PBXFileReference; lastKnownFileType = sourcecode.swift; path = AppDelegate.swift; sourceTree = "<group>"; };
		FFB136501C6831FB002C67D3 /* ViewController.swift */ = {isa = PBXFileReference; lastKnownFileType = sourcecode.swift; path = ViewController.swift; sourceTree = "<group>"; };
		FFB136531C6831FB002C67D3 /* Base */ = {isa = PBXFileReference; lastKnownFileType = file.storyboard; name = Base; path = Base.lproj/Main.storyboard; sourceTree = "<group>"; };
		FFB136551C6831FB002C67D3 /* Assets.xcassets */ = {isa = PBXFileReference; lastKnownFileType = folder.assetcatalog; path = Assets.xcassets; sourceTree = "<group>"; };
		FFB136581C6831FB002C67D3 /* Base */ = {isa = PBXFileReference; lastKnownFileType = file.storyboard; name = Base; path = Base.lproj/LaunchScreen.storyboard; sourceTree = "<group>"; };
		FFB1365A1C6831FB002C67D3 /* Info.plist */ = {isa = PBXFileReference; lastKnownFileType = text.plist.xml; path = Info.plist; sourceTree = "<group>"; };
		FFB136601C6832CF002C67D3 /* Person.swift */ = {isa = PBXFileReference; fileEncoding = 4; lastKnownFileType = sourcecode.swift; path = Person.swift; sourceTree = "<group>"; };
/* End PBXFileReference section */

/* Begin PBXFrameworksBuildPhase section */
		FFB136481C6831FB002C67D3 /* Frameworks */ = {
			isa = PBXFrameworksBuildPhase;
			buildActionMask = 2147483647;
			files = (
			);
			runOnlyForDeploymentPostprocessing = 0;
		};
/* End PBXFrameworksBuildPhase section */

/* Begin PBXGroup section */
		FFB136421C6831FB002C67D3 = {
			isa = PBXGroup;
			children = (
				FFB1364D1C6831FB002C67D3 /* 14- 属性 */,
				FFB1364C1C6831FB002C67D3 /* Products */,
			);
			sourceTree = "<group>";
		};
		FFB1364C1C6831FB002C67D3 /* Products */ = {
			isa = PBXGroup;
			children = (
				FFB1364B1C6831FB002C67D3 /* 14- 属性.app */,
			);
			name = Products;
			sourceTree = "<group>";
		};
		FFB1364D1C6831FB002C67D3 /* 14- 属性 */ = {
			isa = PBXGroup;
			children = (
				FFB1364E1C6831FB002C67D3 /* AppDelegate.swift */,
				FFB136501C6831FB002C67D3 /* ViewController.swift */,
				FFB136601C6832CF002C67D3 /* Person.swift */,
				FFB136521C6831FB002C67D3 /* Main.storyboard */,
				FFB136551C6831FB002C67D3 /* Assets.xcassets */,
				FFB136571C6831FB002C67D3 /* LaunchScreen.storyboard */,
				FFB1365A1C6831FB002C67D3 /* Info.plist */,
			);
			path = "14- 属性";
			sourceTree = "<group>";
		};
/* End PBXGroup section */

/* Begin PBXNativeTarget section */
		FFB1364A1C6831FB002C67D3 /* 14- 属性 */ = {
			isa = PBXNativeTarget;
			buildConfigurationList = FFB1365D1C6831FB002C67D3 /* Build configuration list for PBXNativeTarget "14- 属性" */;
			buildPhases = (
				FFB136471C6831FB002C67D3 /* Sources */,
				FFB136481C6831FB002C67D3 /* Frameworks */,
				FFB136491C6831FB002C67D3 /* Resources */,
			);
			buildRules = (
			);
			dependencies = (
			);
			name = "14- 属性";
			productName = "14- 属性";
			productReference = FFB1364B1C6831FB002C67D3 /* 14- 属性.app */;
			productType = "com.apple.product-type.application";
		};
/* End PBXNativeTarget section */

/* Begin PBXProject section */
		FFB136431C6831FB002C67D3 /* Project object */ = {
			isa = PBXProject;
			attributes = {
				LastSwiftUpdateCheck = 0720;
				LastUpgradeCheck = 0720;
				ORGANIZATIONNAME = JJ.sevn;
				TargetAttributes = {
					FFB1364A1C6831FB002C67D3 = {
						CreatedOnToolsVersion = 7.2;
						DevelopmentTeam = NUWT78Q42V;
					};
				};
			};
			buildConfigurationList = FFB136461C6831FB002C67D3 /* Build configuration list for PBXProject "14- 属性" */;
			compatibilityVersion = "Xcode 3.2";
			developmentRegion = English;
			hasScannedForEncodings = 0;
			knownRegions = (
				en,
				Base,
			);
			mainGroup = FFB136421C6831FB002C67D3;
			productRefGroup = FFB1364C1C6831FB002C67D3 /* Products */;
			projectDirPath = "";
			projectRoot = "";
			targets = (
				FFB1364A1C6831FB002C67D3 /* 14- 属性 */,
			);
		};
/* End PBXProject section */

/* Begin PBXResourcesBuildPhase section */
		FFB136491C6831FB002C67D3 /* Resources */ = {
			isa = PBXResourcesBuildPhase;
			buildActionMask = 2147483647;
			files = (
				FFB136591C6831FB002C67D3 /* LaunchScreen.storyboard in Resources */,
				FFB136561C6831FB002C67D3 /* Assets.xcassets in Resources */,
				FFB136541C6831FB002C67D3 /* Main.storyboard in Resources */,
			);
			runOnlyForDeploymentPostprocessing = 0;
		};
/* End PBXResourcesBuildPhase section */

/* Begin PBXSourcesBuildPhase section */
		FFB136471C6831FB002C67D3 /* Sources */ = {
			isa = PBXSourcesBuildPhase;
			buildActionMask = 2147483647;
			files = (
				FFB136611C6832CF002C67D3 /* Person.swift in Sources */,
				FFB136511C6831FB002C67D3 /* ViewController.swift in Sources */,
				FFB1364F1C6831FB002C67D3 /* AppDelegate.swift in Sources */,
			);
			runOnlyForDeploymentPostprocessing = 0;
		};
/* End PBXSourcesBuildPhase section */

/* Begin PBXVariantGroup section */
		FFB136521C6831FB002C67D3 /* Main.storyboard */ = {
			isa = PBXVariantGroup;
			children = (
				FFB136531C6831FB002C67D3 /* Base */,
			);
			name = Main.storyboard;
			sourceTree = "<group>";
		};
		FFB136571C6831FB002C67D3 /* LaunchScreen.storyboard */ = {
			isa = PBXVariantGroup;
			children = (
				FFB136581C6831FB002C67D3 /* Base */,
			);
			name = LaunchScreen.storyboard;
			sourceTree = "<group>";
		};
/* End PBXVariantGroup section */

/* Begin XCBuildConfiguration section */
		FFB1365B1C6831FB002C67D3 /* Debug */ = {
			isa = XCBuildConfiguration;
			buildSettings = {
				ALWAYS_SEARCH_USER_PATHS = NO;
				CLANG_CXX_LANGUAGE_STANDARD = "gnu++0x";
				CLANG_CXX_LIBRARY = "libc++";
				CLANG_ENABLE_MODULES = YES;
				CLANG_ENABLE_OBJC_ARC = YES;
				CLANG_WARN_BOOL_CONVERSION = YES;
				CLANG_WARN_CONSTANT_CONVERSION = YES;
				CLANG_WARN_DIRECT_OBJC_ISA_USAGE = YES_ERROR;
				CLANG_WARN_EMPTY_BODY = YES;
				CLANG_WARN_ENUM_CONVERSION = YES;
				CLANG_WARN_INT_CONVERSION = YES;
				CLANG_WARN_OBJC_ROOT_CLASS = YES_ERROR;
				CLANG_WARN_UNREACHABLE_CODE = YES;
				CLANG_WARN__DUPLICATE_METHOD_MATCH = YES;
				"CODE_SIGN_IDENTITY[sdk=iphoneos*]" = "iPhone Developer";
				COPY_PHASE_STRIP = NO;
				DEBUG_INFORMATION_FORMAT = dwarf;
				ENABLE_STRICT_OBJC_MSGSEND = YES;
				ENABLE_TESTABILITY = YES;
				GCC_C_LANGUAGE_STANDARD = gnu99;
				GCC_DYNAMIC_NO_PIC = NO;
				GCC_NO_COMMON_BLOCKS = YES;
				GCC_OPTIMIZATION_LEVEL = 0;
				GCC_PREPROCESSOR_DEFINITIONS = (
					"DEBUG=1",
					"$(inherited)",
				);
				GCC_WARN_64_TO_32_BIT_CONVERSION = YES;
				GCC_WARN_ABOUT_RETURN_TYPE = YES_ERROR;
				GCC_WARN_UNDECLARED_SELECTOR = YES;
				GCC_WARN_UNINITIALIZED_AUTOS = YES_AGGRESSIVE;
				GCC_WARN_UNUSED_FUNCTION = YES;
				GCC_WARN_UNUSED_VARIABLE = YES;
				IPHONEOS_DEPLOYMENT_TARGET = 9.2;
				MTL_ENABLE_DEBUG_INFO = YES;
				ONLY_ACTIVE_ARCH = YES;
				SDKROOT = iphoneos;
				SWIFT_OPTIMIZATION_LEVEL = "-Onone";
				TARGETED_DEVICE_FAMILY = "1,2";
			};
			name = Debug;
		};
		FFB1365C1C6831FB002C67D3 /* Release */ = {
			isa = XCBuildConfiguration;
			buildSettings = {
				ALWAYS_SEARCH_USER_PATHS = NO;
				CLANG_CXX_LANGUAGE_STANDARD = "gnu++0x";
				CLANG_CXX_LIBRARY = "libc++";
				CLANG_ENABLE_MODULES = YES;
				CLANG_ENABLE_OBJC_ARC = YES;
				CLANG_WARN_BOOL_CONVERSION = YES;
				CLANG_WARN_CONSTANT_CONVERSION = YES;
				CLANG_WARN_DIRECT_OBJC_ISA_USAGE = YES_ERROR;
				CLANG_WARN_EMPTY_BODY = YES;
				CLANG_WARN_ENUM_CONVERSION = YES;
				CLANG_WARN_INT_CONVERSION = YES;
				CLANG_WARN_OBJC_ROOT_CLASS = YES_ERROR;
				CLANG_WARN_UNREACHABLE_CODE = YES;
				CLANG_WARN__DUPLICATE_METHOD_MATCH = YES;
				"CODE_SIGN_IDENTITY[sdk=iphoneos*]" = "iPhone Developer";
				COPY_PHASE_STRIP = NO;
				DEBUG_INFORMATION_FORMAT = "dwarf-with-dsym";
				ENABLE_NS_ASSERTIONS = NO;
				ENABLE_STRICT_OBJC_MSGSEND = YES;
				GCC_C_LANGUAGE_STANDARD = gnu99;
				GCC_NO_COMMON_BLOCKS = YES;
				GCC_WARN_64_TO_32_BIT_CONVERSION = YES;
				GCC_WARN_ABOUT_RETURN_TYPE = YES_ERROR;
				GCC_WARN_UNDECLARED_SELECTOR = YES;
				GCC_WARN_UNINITIALIZED_AUTOS = YES_AGGRESSIVE;
				GCC_WARN_UNUSED_FUNCTION = YES;
				GCC_WARN_UNUSED_VARIABLE = YES;
				IPHONEOS_DEPLOYMENT_TARGET = 9.2;
				MTL_ENABLE_DEBUG_INFO = NO;
				SDKROOT = iphoneos;
				TARGETED_DEVICE_FAMILY = "1,2";
				VALIDATE_PRODUCT = YES;
			};
			name = Release;
		};
		FFB1365E1C6831FB002C67D3 /* Debug */ = {
			isa = XCBuildConfiguration;
			buildSettings = {
				ASSETCATALOG_COMPILER_APPICON_NAME = AppIcon;
				INFOPLIST_FILE = "14- 属性/Info.plist";
				LD_RUNPATH_SEARCH_PATHS = "$(inherited) @executable_path/Frameworks";
				PRODUCT_BUNDLE_IDENTIFIER = "com.nima.-4----";
				PRODUCT_NAME = "$(TARGET_NAME)";
			};
			name = Debug;
		};
		FFB1365F1C6831FB002C67D3 /* Release */ = {
			isa = XCBuildConfiguration;
			buildSettings = {
				ASSETCATALOG_COMPILER_APPICON_NAME = AppIcon;
				INFOPLIST_FILE = "14- 属性/Info.plist";
				LD_RUNPATH_SEARCH_PATHS = "$(inherited) @executable_path/Frameworks";
				PRODUCT_BUNDLE_IDENTIFIER = "com.nima.-4----";
				PRODUCT_NAME = "$(TARGET_NAME)";
			};
			name = Release;
		};
/* End XCBuildConfiguration section */

/* Begin XCConfigurationList section */
		FFB136461C6831FB002C67D3 /* Build configuration list for PBXProject "14- 属性" */ = {
			isa = XCConfigurationList;
			buildConfigurations = (
				FFB1365B1C6831FB002C67D3 /* Debug */,
				FFB1365C1C6831FB002C67D3 /* Release */,
			);
			defaultConfigurationIsVisible = 0;
			defaultConfigurationName = Release;
		};
		FFB1365D1C6831FB002C67D3 /* Build configuration list for PBXNativeTarget "14- 属性" */ = {
			isa = XCConfigurationList;
			buildConfigurations = (
				FFB1365E1C6831FB002C67D3 /* Debug */,
				FFB1365F1C6831FB002C67D3 /* Release */,
			);
			defaultConfigurationIsVisible = 0;
		};
/* End XCConfigurationList section */
	};
	rootObject = FFB136431C6831FB002C67D3 /* Project object */;
}
